
Microsoft Visual Studio Solution File, Format Version 12.00
# Visual Studio Version 17
VisualStudioVersion = 17.5.2.0
MinimumVisualStudioVersion = 10.0.40219.1
Project("{FAE04EC0-301F-11D3-BF4B-00C04F79EFBC}") = "KuantumAmbarı", "KuantumAmbarı\KuantumAmbarı.csproj", "{D6B1DB34-2076-ECD2-1887-EC2E371081CA}"
EndProject
Global
	GlobalSection(SolutionConfigurationPlatforms) = preSolution
		Debug|Any CPU = Debug|Any CPU
		Release|Any CPU = Release|Any CPU
	EndGlobalSection
	GlobalSection(ProjectConfigurationPlatforms) = postSolution
		{D6B1DB34-2076-ECD2-1887-EC2E371081CA}.Debug|Any CPU.ActiveCfg = Debug|Any CPU
		{D6B1DB34-2076-ECD2-1887-EC2E371081CA}.Debug|Any CPU.Build.0 = Debug|Any CPU
		{D6B1DB34-2076-ECD2-1887-EC2E371081CA}.Release|Any CPU.ActiveCfg = Release|Any CPU
		{D6B1DB34-2076-ECD2-1887-EC2E371081CA}.Release|Any CPU.Build.0 = Release|Any CPU
	EndGlobalSection
	GlobalSection(SolutionProperties) = preSolution
		HideSolutionNode = FALSE
	EndGlobalSection
	GlobalSection(ExtensibilityGlobals) = postSolution
		SolutionGuid = {11D29A49-DD19-40A0-8A83-E1EFA0744027}
	EndGlobalSection
EndGlobal
